%{"apex": {:hex, :apex, "0.4.0", "85048fd201a06d3427d5c607d22f080a52473d737343afd0c427f9bb64239af5", [:mix], []},
  "bbmustache": {:hex, :bbmustache, "1.0.4", "7ba94f971c5afd7b6617918a4bb74705e36cab36eb84b19b6a1b7ee06427aa38", [:rebar], []},
  "cf": {:hex, :cf, "0.2.1", "69d0b1349fd4d7d4dc55b7f407d29d7a840bf9a1ef5af529f1ebe0ce153fc2ab", [:rebar3], []},
  "erlport": {:git, "https://github.com/hdima/erlport.git", "246b7722d62b87b48be66d9a871509a537728962", []},
  "erlware_commons": {:hex, :erlware_commons, "0.19.0", "7b43caf2c91950c5f60dc20451e3c3afba44d3d4f7f27bcdc52469285a5a3e70", [:rebar3], [{:cf, "0.2.1", [hex: :cf, optional: false]}]},
  "exfswatch": {:hex, :exfswatch, "0.1.1", "7ccf6fc9b443d04dada3e50b21f910b4d0e4546ce7772dc6d4181fb929ea186f", [:mix], [{:fs, "~> 0.9", [hex: :fs, optional: false]}]},
  "exrm": {:hex, :exrm, "1.0.4", "b20279ff7f0c5c240fe47f5a2aea12c00ced539c8001e59abb8c1ad50759cbe3", [:mix], [{:relx, "~> 3.5", [hex: :relx, optional: false]}]},
  "exsync": {:hex, :exsync, "0.1.2", "8913852c49729ad186a7dd2d6ada51978e34ac212bf77155e2643742f19bf2f9", [:mix], [{:exfswatch, "~> 0.1", [hex: :exfswatch, optional: false]}]},
  "fs": {:hex, :fs, "0.9.2", "ed17036c26c3f70ac49781ed9220a50c36775c6ca2cf8182d123b6566e49ec59", [:rebar], []},
  "getopt": {:hex, :getopt, "0.8.2", "b17556db683000ba50370b16c0619df1337e7af7ecbf7d64fbf8d1d6bce3109b", [:rebar], []},
  "poolboy": {:hex, :poolboy, "1.5.1", "6b46163901cfd0a1b43d692657ed9d7e599853b3b21b95ae5ae0a777cf9b6ca8", [:rebar], []},
  "providers": {:hex, :providers, "1.6.0", "db0e2f9043ae60c0155205fcd238d68516331d0e5146155e33d1e79dc452964a", [:rebar3], [{:getopt, "0.8.2", [hex: :getopt, optional: false]}]},
  "relx": {:hex, :relx, "3.19.0", "286dd5244b4786f56aac75d5c8e2d1fb4cfd306810d4ec8548f3ae1b3aadb8f7", [:rebar3], [{:providers, "1.6.0", [hex: :providers, optional: false]}, {:getopt, "0.8.2", [hex: :getopt, optional: false]}, {:erlware_commons, "0.19.0", [hex: :erlware_commons, optional: false]}, {:cf, "0.2.1", [hex: :cf, optional: false]}, {:bbmustache, "1.0.4", [hex: :bbmustache, optional: false]}]}}
